
Microsoft Visual Studio Solution File, Format Version 12.00
# Visual Studio Version 17
VisualStudioVersion = 17.14.36511.14
MinimumVisualStudioVersion = 10.0.40219.1
Project("{FAE04EC0-301F-11D3-BF4B-00C04F79EFBC}") = "YAPA", "YAPA\YAPA.csproj", "{0E15265C-5E08-4967-BABE-C4047CEF3A3A}"
EndProject
Project("{FAE04EC0-301F-11D3-BF4B-00C04F79EFBC}") = "YAPA.Tests", "YAPA.Tests\YAPA.Tests.csproj", "{2A40B0F7-C8AE-4248-9968-C71CDDC46055}"
EndProject
Global
	GlobalSection(SolutionConfigurationPlatforms) = preSolution
		Debug|Any CPU = Debug|Any CPU
		Debug|x64 = Debug|x64
		Debug|x86 = Debug|x86
		Release|Any CPU = Release|Any CPU
		Release|x64 = Release|x64
		Release|x86 = Release|x86
	EndGlobalSection
	GlobalSection(ProjectConfigurationPlatforms) = postSolution
		{0E15265C-5E08-4967-BABE-C4047CEF3A3A}.Debug|Any CPU.ActiveCfg = Debug|Any CPU
		{0E15265C-5E08-4967-BABE-C4047CEF3A3A}.Debug|Any CPU.Build.0 = Debug|Any CPU
		{0E15265C-5E08-4967-BABE-C4047CEF3A3A}.Debug|x64.ActiveCfg = Debug|Any CPU
		{0E15265C-5E08-4967-BABE-C4047CEF3A3A}.Debug|x64.Build.0 = Debug|Any CPU
		{0E15265C-5E08-4967-BABE-C4047CEF3A3A}.Debug|x86.ActiveCfg = Debug|Any CPU
		{0E15265C-5E08-4967-BABE-C4047CEF3A3A}.Debug|x86.Build.0 = Debug|Any CPU
		{0E15265C-5E08-4967-BABE-C4047CEF3A3A}.Release|Any CPU.ActiveCfg = Release|Any CPU
		{0E15265C-5E08-4967-BABE-C4047CEF3A3A}.Release|Any CPU.Build.0 = Release|Any CPU
		{0E15265C-5E08-4967-BABE-C4047CEF3A3A}.Release|x64.ActiveCfg = Release|Any CPU
		{0E15265C-5E08-4967-BABE-C4047CEF3A3A}.Release|x64.Build.0 = Release|Any CPU
		{0E15265C-5E08-4967-BABE-C4047CEF3A3A}.Release|x86.ActiveCfg = Release|Any CPU
		{0E15265C-5E08-4967-BABE-C4047CEF3A3A}.Release|x86.Build.0 = Release|Any CPU
		{2A40B0F7-C8AE-4248-9968-C71CDDC46055}.Debug|Any CPU.ActiveCfg = Debug|Any CPU
		{2A40B0F7-C8AE-4248-9968-C71CDDC46055}.Debug|Any CPU.Build.0 = Debug|Any CPU
		{2A40B0F7-C8AE-4248-9968-C71CDDC46055}.Debug|x64.ActiveCfg = Debug|Any CPU
		{2A40B0F7-C8AE-4248-9968-C71CDDC46055}.Debug|x64.Build.0 = Debug|Any CPU
		{2A40B0F7-C8AE-4248-9968-C71CDDC46055}.Debug|x86.ActiveCfg = Debug|Any CPU
		{2A40B0F7-C8AE-4248-9968-C71CDDC46055}.Debug|x86.Build.0 = Debug|Any CPU
		{2A40B0F7-C8AE-4248-9968-C71CDDC46055}.Release|Any CPU.ActiveCfg = Release|Any CPU
		{2A40B0F7-C8AE-4248-9968-C71CDDC46055}.Release|Any CPU.Build.0 = Release|Any CPU
		{2A40B0F7-C8AE-4248-9968-C71CDDC46055}.Release|x64.ActiveCfg = Release|Any CPU
		{2A40B0F7-C8AE-4248-9968-C71CDDC46055}.Release|x64.Build.0 = Release|Any CPU
		{2A40B0F7-C8AE-4248-9968-C71CDDC46055}.Release|x86.ActiveCfg = Release|Any CPU
		{2A40B0F7-C8AE-4248-9968-C71CDDC46055}.Release|x86.Build.0 = Release|Any CPU
	EndGlobalSection
	GlobalSection(SolutionProperties) = preSolution
		HideSolutionNode = FALSE
	EndGlobalSection
	GlobalSection(ExtensibilityGlobals) = postSolution
		SolutionGuid = {5E42E556-C423-4EEF-8152-84BC9762BC8A}
	EndGlobalSection
EndGlobal
